
Microsoft Visual Studio Solution File, Format Version 12.00
# Visual Studio Version 16
VisualStudioVersion = 16.0.29403.142
MinimumVisualStudioVersion = 10.0.40219.1
Project("{FAE04EC0-301F-11D3-BF4B-00C04F79EFBC}") = "CommandLineBrot", "CommandLineBrot\CommandLineBrot.csproj", "{2DFD8960-D326-41D6-81E3-D559EA8475BB}"
EndProject
Global
	GlobalSection(SolutionConfigurationPlatforms) = preSolution
		Debug|Any CPU = Debug|Any CPU
		Release|Any CPU = Release|Any CPU
	EndGlobalSection
	GlobalSection(ProjectConfigurationPlatforms) = postSolution
		{2DFD8960-D326-41D6-81E3-D559EA8475BB}.Debug|Any CPU.ActiveCfg = Debug|Any CPU
		{2DFD8960-D326-41D6-81E3-D559EA8475BB}.Debug|Any CPU.Build.0 = Debug|Any CPU
		{2DFD8960-D326-41D6-81E3-D559EA8475BB}.Release|Any CPU.ActiveCfg = Release|Any CPU
		{2DFD8960-D326-41D6-81E3-D559EA8475BB}.Release|Any CPU.Build.0 = Release|Any CPU
	EndGlobalSection
	GlobalSection(SolutionProperties) = preSolution
		HideSolutionNode = FALSE
	EndGlobalSection
	GlobalSection(ExtensibilityGlobals) = postSolution
		SolutionGuid = {6F59E804-1A30-457B-9F57-B850881494C1}
	EndGlobalSection
EndGlobal
